// !$*UTF8*$!
{
	archiveVersion = 1;
	classes = {
	};
	objectVersion = 55;
	objects = {

/* Begin PBXBuildFile section */
		04569E28AB7F8ED127035353 /* Pods_GymNote.framework in Frameworks */ = {isa = PBXBuildFile; fileRef = 45512C8A801A6393BE02E22E /* Pods_GymNote.framework */; };
		121CBF89B48C6A7FA22F7A4C /* Pods_GymNote_WatchKit_Extension.framework in Frameworks */ = {isa = PBXBuildFile; fileRef = 37078D5F07B7B2DE56CA7E65 /* Pods_GymNote_WatchKit_Extension.framework */; };
		A6685C8FE0DEBC94DB4B4081 /* Pods_GymNote_WatchKit_App.framework in Frameworks */ = {isa = PBXBuildFile; fileRef = 499C041F73FED242E9AF57D5 /* Pods_GymNote_WatchKit_App.framework */; };
		C91740B72836CCF3004E6EC2 /* SetInfoSetupViewController.swift in Sources */ = {isa = PBXBuildFile; fileRef = C91740B62836CCF3004E6EC2 /* SetInfoSetupViewController.swift */; };
		C91740B92836D090004E6EC2 /* ExerciseInfoSetupViewController.swift in Sources */ = {isa = PBXBuildFile; fileRef = C91740B82836D090004E6EC2 /* ExerciseInfoSetupViewController.swift */; };
		C91740BB2836D28B004E6EC2 /* CardioSetsTableViewCell.swift in Sources */ = {isa = PBXBuildFile; fileRef = C91740BA2836D28B004E6EC2 /* CardioSetsTableViewCell.swift */; };
		C91740BD2836D2A2004E6EC2 /* WeightLiftingSetsTableViewCell.swift in Sources */ = {isa = PBXBuildFile; fileRef = C91740BC2836D2A2004E6EC2 /* WeightLiftingSetsTableViewCell.swift */; };
		C91740BF2836D2B4004E6EC2 /* CustomExerciseSetsTableViewCell.swift in Sources */ = {isa = PBXBuildFile; fileRef = C91740BE2836D2B4004E6EC2 /* CustomExerciseSetsTableViewCell.swift */; };
		C91740C1283727F0004E6EC2 /* BodyweightTrainingTableViewCell.swift in Sources */ = {isa = PBXBuildFile; fileRef = C91740C0283727F0004E6EC2 /* BodyweightTrainingTableViewCell.swift */; };
		C91740C728380E69004E6EC2 /* UserConstants.swift in Sources */ = {isa = PBXBuildFile; fileRef = C91740C628380E69004E6EC2 /* UserConstants.swift */; };
		C91740CA283824E2004E6EC2 /* RSKImageCropper in Frameworks */ = {isa = PBXBuildFile; productRef = C91740C9283824E2004E6EC2 /* RSKImageCropper */; };
		C91740D12838A5FF004E6EC2 /* Workout+Convenience.swift in Sources */ = {isa = PBXBuildFile; fileRef = C91740D02838A5FF004E6EC2 /* Workout+Convenience.swift */; };
		C91740D42838D245004E6EC2 /* User+CoreDataClass.swift in Sources */ = {isa = PBXBuildFile; fileRef = C91740D22838D245004E6EC2 /* User+CoreDataClass.swift */; };
		C91740D52838D245004E6EC2 /* User+CoreDataProperties.swift in Sources */ = {isa = PBXBuildFile; fileRef = C91740D32838D245004E6EC2 /* User+CoreDataProperties.swift */; };
		C9185E8F2832DE0A004759CC /* ExerciseListViewController.swift in Sources */ = {isa = PBXBuildFile; fileRef = C9185E8E2832DE0A004759CC /* ExerciseListViewController.swift */; };
		C9185E932832DFF5004759CC /* WorkoutInfoSetupViewController.swift in Sources */ = {isa = PBXBuildFile; fileRef = C9185E922832DFF5004759CC /* WorkoutInfoSetupViewController.swift */; };
		C9185E952832E389004759CC /* WorkoutSetup.storyboard in Resources */ = {isa = PBXBuildFile; fileRef = C9185E942832E389004759CC /* WorkoutSetup.storyboard */; };
		C91E5C1B283C2D28003ABFCD /* WorkoutTableViewCell.swift in Sources */ = {isa = PBXBuildFile; fileRef = C91E5C1A283C2D28003ABFCD /* WorkoutTableViewCell.swift */; };
		C91E5C1D283C5EA8003ABFCD /* WeightRecord+Convenience.swift in Sources */ = {isa = PBXBuildFile; fileRef = C91E5C1C283C5EA8003ABFCD /* WeightRecord+Convenience.swift */; };
		C91E5C1F283C5F44003ABFCD /* WeightRecordController.swift in Sources */ = {isa = PBXBuildFile; fileRef = C91E5C1E283C5F44003ABFCD /* WeightRecordController.swift */; };
		C91E5C22283CA359003ABFCD /* CalendarViewController.swift in Sources */ = {isa = PBXBuildFile; fileRef = C91E5C21283CA359003ABFCD /* CalendarViewController.swift */; };
		C921EE4728342A580064DD7C /* DateExtension.swift in Sources */ = {isa = PBXBuildFile; fileRef = C921EE4628342A580064DD7C /* DateExtension.swift */; };
		C921EE492834C3780064DD7C /* WorkoutConstants.swift in Sources */ = {isa = PBXBuildFile; fileRef = C921EE482834C3780064DD7C /* WorkoutConstants.swift */; };
		C921EE4B2834CEA20064DD7C /* ExerciseConstants.swift in Sources */ = {isa = PBXBuildFile; fileRef = C921EE4A2834CEA20064DD7C /* ExerciseConstants.swift */; };
		C921EE4D2834CF160064DD7C /* Exercise+Convenience.swift in Sources */ = {isa = PBXBuildFile; fileRef = C921EE4C2834CF160064DD7C /* Exercise+Convenience.swift */; };
		C921EE4F283517A00064DD7C /* ExerciseTableViewCell.swift in Sources */ = {isa = PBXBuildFile; fileRef = C921EE4E283517A00064DD7C /* ExerciseTableViewCell.swift */; };
		C921EE51283625ED0064DD7C /* ExerciseSet+Convenience.swift in Sources */ = {isa = PBXBuildFile; fileRef = C921EE50283625ED0064DD7C /* ExerciseSet+Convenience.swift */; };
		C9343B16282B0A34008B5DF4 /* AppDelegate.swift in Sources */ = {isa = PBXBuildFile; fileRef = C9343B15282B0A34008B5DF4 /* AppDelegate.swift */; };
		C9343B18282B0A34008B5DF4 /* SceneDelegate.swift in Sources */ = {isa = PBXBuildFile; fileRef = C9343B17282B0A34008B5DF4 /* SceneDelegate.swift */; };
		C9343B1D282B0A34008B5DF4 /* Main.storyboard in Resources */ = {isa = PBXBuildFile; fileRef = C9343B1B282B0A34008B5DF4 /* Main.storyboard */; };
		C9343B1F282B0A34008B5DF4 /* Assets.xcassets in Resources */ = {isa = PBXBuildFile; fileRef = C9343B1E282B0A34008B5DF4 /* Assets.xcassets */; };
		C9343B22282B0A34008B5DF4 /* LaunchScreen.storyboard in Resources */ = {isa = PBXBuildFile; fileRef = C9343B20282B0A34008B5DF4 /* LaunchScreen.storyboard */; };
		C9343B27282B0A34008B5DF4 /* GymNote WatchKit App.app in Embed Watch Content */ = {isa = PBXBuildFile; fileRef = C9343B26282B0A34008B5DF4 /* GymNote WatchKit App.app */; settings = {ATTRIBUTES = (RemoveHeadersOnCopy, ); }; };
		C9343B2D282B0A34008B5DF4 /* Interface.storyboard in Resources */ = {isa = PBXBuildFile; fileRef = C9343B2B282B0A34008B5DF4 /* Interface.storyboard */; };
		C9343B2F282B0A35008B5DF4 /* Assets.xcassets in Resources */ = {isa = PBXBuildFile; fileRef = C9343B2E282B0A35008B5DF4 /* Assets.xcassets */; };
		C9343B35282B0A35008B5DF4 /* GymNote WatchKit Extension.appex in Embed App Extensions */ = {isa = PBXBuildFile; fileRef = C9343B34282B0A35008B5DF4 /* GymNote WatchKit Extension.appex */; settings = {ATTRIBUTES = (RemoveHeadersOnCopy, ); }; };
		C9343B3A282B0A35008B5DF4 /* GymNoteInterfaceController.swift in Sources */ = {isa = PBXBuildFile; fileRef = C9343B39282B0A35008B5DF4 /* GymNoteInterfaceController.swift */; };
		C9343B3C282B0A35008B5DF4 /* ExtensionDelegate.swift in Sources */ = {isa = PBXBuildFile; fileRef = C9343B3B282B0A35008B5DF4 /* ExtensionDelegate.swift */; };
		C9343B3E282B0A35008B5DF4 /* NotificationController.swift in Sources */ = {isa = PBXBuildFile; fileRef = C9343B3D282B0A35008B5DF4 /* NotificationController.swift */; };
		C9343B40282B0A35008B5DF4 /* ComplicationController.swift in Sources */ = {isa = PBXBuildFile; fileRef = C9343B3F282B0A35008B5DF4 /* ComplicationController.swift */; };
		C9343B42282B0A36008B5DF4 /* Assets.xcassets in Resources */ = {isa = PBXBuildFile; fileRef = C9343B41282B0A36008B5DF4 /* Assets.xcassets */; };
		C9343B5B282B6A72008B5DF4 /* GymNote.xcdatamodeld in Sources */ = {isa = PBXBuildFile; fileRef = C9343B59282B6A72008B5DF4 /* GymNote.xcdatamodeld */; };
		C9343B75282CC4E5008B5DF4 /* UserController.swift in Sources */ = {isa = PBXBuildFile; fileRef = C9343B74282CC4E5008B5DF4 /* UserController.swift */; };
		C9343B8D282CE80D008B5DF4 /* UserInfoSetupViewController.swift in Sources */ = {isa = PBXBuildFile; fileRef = C9343B8C282CE80D008B5DF4 /* UserInfoSetupViewController.swift */; };
		C96FF9FB283EF40B004774CB /* ProgressViewController.swift in Sources */ = {isa = PBXBuildFile; fileRef = C96FF9FA283EF40B004774CB /* ProgressViewController.swift */; };
		C9859E0D283DBC2A00BCEA15 /* SettingViewController.swift in Sources */ = {isa = PBXBuildFile; fileRef = C9859E0C283DBC2A00BCEA15 /* SettingViewController.swift */; };
		C98FC145282F144B00FF504A /* WorkoutController.swift in Sources */ = {isa = PBXBuildFile; fileRef = C98FC144282F144B00FF504A /* WorkoutController.swift */; };
		C98FC147282F145B00FF504A /* ExerciseController.swift in Sources */ = {isa = PBXBuildFile; fileRef = C98FC146282F145B00FF504A /* ExerciseController.swift */; };
		C98FC149282F146400FF504A /* SetController.swift in Sources */ = {isa = PBXBuildFile; fileRef = C98FC148282F146400FF504A /* SetController.swift */; };
		C98FC15B28307AA500FF504A /* StringExtension.swift in Sources */ = {isa = PBXBuildFile; fileRef = C98FC15A28307AA500FF504A /* StringExtension.swift */; };
		C98FC15D2830A06400FF504A /* UserImageSetupViewController.swift in Sources */ = {isa = PBXBuildFile; fileRef = C98FC15C2830A06400FF504A /* UserImageSetupViewController.swift */; };
		C98FC1712830A76D00FF504A /* CloudKit.framework in Frameworks */ = {isa = PBXBuildFile; fileRef = C98FC1702830A76D00FF504A /* CloudKit.framework */; };
		C98FC173283105A100FF504A /* AlertManager.swift in Sources */ = {isa = PBXBuildFile; fileRef = C98FC172283105A100FF504A /* AlertManager.swift */; };
		C98FC1752831ED2B00FF504A /* Test.swift in Sources */ = {isa = PBXBuildFile; fileRef = C98FC1742831ED2B00FF504A /* Test.swift */; };
		C9935F94283A227B00067032 /* HomeViewController.swift in Sources */ = {isa = PBXBuildFile; fileRef = C9935F93283A227B00067032 /* HomeViewController.swift */; };
		C9D82401283B684000CEB060 /* DatesDetailsViewController.swift in Sources */ = {isa = PBXBuildFile; fileRef = C9D82400283B684000CEB060 /* DatesDetailsViewController.swift */; };
		C9F603C5282EEAD0003DAE47 /* CoreDataMaanger.swift in Sources */ = {isa = PBXBuildFile; fileRef = C9F603C4282EEAD0003DAE47 /* CoreDataMaanger.swift */; };
		C9F603C7282EEE8B003DAE47 /* Onboarding.storyboard in Resources */ = {isa = PBXBuildFile; fileRef = C9F603C6282EEE8B003DAE47 /* Onboarding.storyboard */; };
		C9F603CA282EEF18003DAE47 /* StoryboardConstants.swift in Sources */ = {isa = PBXBuildFile; fileRef = C9F603C9282EEF18003DAE47 /* StoryboardConstants.swift */; };
		C9F603CC282EF0D7003DAE47 /* StoryboardManager.swift in Sources */ = {isa = PBXBuildFile; fileRef = C9F603CB282EF0D7003DAE47 /* StoryboardManager.swift */; };
		C9F603D0282EF560003DAE47 /* UserInfoConfirmationViewController.swift in Sources */ = {isa = PBXBuildFile; fileRef = C9F603CF282EF560003DAE47 /* UserInfoConfirmationViewController.swift */; };
/* End PBXBuildFile section */

/* Begin PBXContainerItemProxy section */
		C9343B28282B0A34008B5DF4 /* PBXContainerItemProxy */ = {
			isa = PBXContainerItemProxy;
			containerPortal = C9343B0A282B0A33008B5DF4 /* Project object */;
			proxyType = 1;
			remoteGlobalIDString = C9343B25282B0A34008B5DF4;
			remoteInfo = "GymNote WatchKit App";
		};
		C9343B36282B0A35008B5DF4 /* PBXContainerItemProxy */ = {
			isa = PBXContainerItemProxy;
			containerPortal = C9343B0A282B0A33008B5DF4 /* Project object */;
			proxyType = 1;
			remoteGlobalIDString = C9343B33282B0A35008B5DF4;
			remoteInfo = "GymNote WatchKit Extension";
		};
/* End PBXContainerItemProxy section */

/* Begin PBXCopyFilesBuildPhase section */
		C9343B4A282B0A36008B5DF4 /* Embed App Extensions */ = {
			isa = PBXCopyFilesBuildPhase;
			buildActionMask = 2147483647;
			dstPath = "";
			dstSubfolderSpec = 13;
			files = (
				C9343B35282B0A35008B5DF4 /* GymNote WatchKit Extension.appex in Embed App Extensions */,
			);
			name = "Embed App Extensions";
			runOnlyForDeploymentPostprocessing = 0;
		};
		C9343B4E282B0A36008B5DF4 /* Embed Watch Content */ = {
			isa = PBXCopyFilesBuildPhase;
			buildActionMask = 2147483647;
			dstPath = "$(CONTENTS_FOLDER_PATH)/Watch";
			dstSubfolderSpec = 16;
			files = (
				C9343B27282B0A34008B5DF4 /* GymNote WatchKit App.app in Embed Watch Content */,
			);
			name = "Embed Watch Content";
			runOnlyForDeploymentPostprocessing = 0;
		};
/* End PBXCopyFilesBuildPhase section */

/* Begin PBXFileReference section */
		37078D5F07B7B2DE56CA7E65 /* Pods_GymNote_WatchKit_Extension.framework */ = {isa = PBXFileReference; explicitFileType = wrapper.framework; includeInIndex = 0; path = Pods_GymNote_WatchKit_Extension.framework; sourceTree = BUILT_PRODUCTS_DIR; };
		3FD4A07E566118A70EDB964A /* Pods-GymNote.debug.xcconfig */ = {isa = PBXFileReference; includeInIndex = 1; lastKnownFileType = text.xcconfig; name = "Pods-GymNote.debug.xcconfig"; path = "Target Support Files/Pods-GymNote/Pods-GymNote.debug.xcconfig"; sourceTree = "<group>"; };
		45512C8A801A6393BE02E22E /* Pods_GymNote.framework */ = {isa = PBXFileReference; explicitFileType = wrapper.framework; includeInIndex = 0; path = Pods_GymNote.framework; sourceTree = BUILT_PRODUCTS_DIR; };
		499C041F73FED242E9AF57D5 /* Pods_GymNote_WatchKit_App.framework */ = {isa = PBXFileReference; explicitFileType = wrapper.framework; includeInIndex = 0; path = Pods_GymNote_WatchKit_App.framework; sourceTree = BUILT_PRODUCTS_DIR; };
		5DF9FD3F1102A4F3289F5039 /* Pods-GymNote WatchKit App.release.xcconfig */ = {isa = PBXFileReference; includeInIndex = 1; lastKnownFileType = text.xcconfig; name = "Pods-GymNote WatchKit App.release.xcconfig"; path = "Target Support Files/Pods-GymNote WatchKit App/Pods-GymNote WatchKit App.release.xcconfig"; sourceTree = "<group>"; };
		7A80471D44E44EFA7DA1C695 /* Pods-GymNote WatchKit App.debug.xcconfig */ = {isa = PBXFileReference; includeInIndex = 1; lastKnownFileType = text.xcconfig; name = "Pods-GymNote WatchKit App.debug.xcconfig"; path = "Target Support Files/Pods-GymNote WatchKit App/Pods-GymNote WatchKit App.debug.xcconfig"; sourceTree = "<group>"; };
		7B405B382F3119E9F09FD249 /* Pods-GymNote WatchKit Extension.release.xcconfig */ = {isa = PBXFileReference; includeInIndex = 1; lastKnownFileType = text.xcconfig; name = "Pods-GymNote WatchKit Extension.release.xcconfig"; path = "Target Support Files/Pods-GymNote WatchKit Extension/Pods-GymNote WatchKit Extension.release.xcconfig"; sourceTree = "<group>"; };
		9F5A23B325A2A5DA14F62323 /* Pods-GymNote WatchKit Extension.debug.xcconfig */ = {isa = PBXFileReference; includeInIndex = 1; lastKnownFileType = text.xcconfig; name = "Pods-GymNote WatchKit Extension.debug.xcconfig"; path = "Target Support Files/Pods-GymNote WatchKit Extension/Pods-GymNote WatchKit Extension.debug.xcconfig"; sourceTree = "<group>"; };
		C91740B62836CCF3004E6EC2 /* SetInfoSetupViewController.swift */ = {isa = PBXFileReference; lastKnownFileType = sourcecode.swift; path = SetInfoSetupViewController.swift; sourceTree = "<group>"; };
		C91740B82836D090004E6EC2 /* ExerciseInfoSetupViewController.swift */ = {isa = PBXFileReference; lastKnownFileType = sourcecode.swift; path = ExerciseInfoSetupViewController.swift; sourceTree = "<group>"; };
		C91740BA2836D28B004E6EC2 /* CardioSetsTableViewCell.swift */ = {isa = PBXFileReference; lastKnownFileType = sourcecode.swift; path = CardioSetsTableViewCell.swift; sourceTree = "<group>"; };
		C91740BC2836D2A2004E6EC2 /* WeightLiftingSetsTableViewCell.swift */ = {isa = PBXFileReference; lastKnownFileType = sourcecode.swift; path = WeightLiftingSetsTableViewCell.swift; sourceTree = "<group>"; };
		C91740BE2836D2B4004E6EC2 /* CustomExerciseSetsTableViewCell.swift */ = {isa = PBXFileReference; lastKnownFileType = sourcecode.swift; path = CustomExerciseSetsTableViewCell.swift; sourceTree = "<group>"; };
		C91740C0283727F0004E6EC2 /* BodyweightTrainingTableViewCell.swift */ = {isa = PBXFileReference; lastKnownFileType = sourcecode.swift; path = BodyweightTrainingTableViewCell.swift; sourceTree = "<group>"; };
		C91740C628380E69004E6EC2 /* UserConstants.swift */ = {isa = PBXFileReference; lastKnownFileType = sourcecode.swift; path = UserConstants.swift; sourceTree = "<group>"; };
		C91740D02838A5FF004E6EC2 /* Workout+Convenience.swift */ = {isa = PBXFileReference; lastKnownFileType = sourcecode.swift; path = "Workout+Convenience.swift"; sourceTree = "<group>"; };
		C91740D22838D245004E6EC2 /* User+CoreDataClass.swift */ = {isa = PBXFileReference; lastKnownFileType = sourcecode.swift; path = "User+CoreDataClass.swift"; sourceTree = "<group>"; };
		C91740D32838D245004E6EC2 /* User+CoreDataProperties.swift */ = {isa = PBXFileReference; lastKnownFileType = sourcecode.swift; path = "User+CoreDataProperties.swift"; sourceTree = "<group>"; };
		C9185E8E2832DE0A004759CC /* ExerciseListViewController.swift */ = {isa = PBXFileReference; lastKnownFileType = sourcecode.swift; path = ExerciseListViewController.swift; sourceTree = "<group>"; };
		C9185E922832DFF5004759CC /* WorkoutInfoSetupViewController.swift */ = {isa = PBXFileReference; lastKnownFileType = sourcecode.swift; path = WorkoutInfoSetupViewController.swift; sourceTree = "<group>"; };
		C9185E942832E389004759CC /* WorkoutSetup.storyboard */ = {isa = PBXFileReference; lastKnownFileType = file.storyboard; path = WorkoutSetup.storyboard; sourceTree = "<group>"; };
		C91E5C1A283C2D28003ABFCD /* WorkoutTableViewCell.swift */ = {isa = PBXFileReference; lastKnownFileType = sourcecode.swift; path = WorkoutTableViewCell.swift; sourceTree = "<group>"; };
		C91E5C1C283C5EA8003ABFCD /* WeightRecord+Convenience.swift */ = {isa = PBXFileReference; lastKnownFileType = sourcecode.swift; path = "WeightRecord+Convenience.swift"; sourceTree = "<group>"; };
		C91E5C1E283C5F44003ABFCD /* WeightRecordController.swift */ = {isa = PBXFileReference; lastKnownFileType = sourcecode.swift; path = WeightRecordController.swift; sourceTree = "<group>"; };
		C91E5C21283CA359003ABFCD /* CalendarViewController.swift */ = {isa = PBXFileReference; lastKnownFileType = sourcecode.swift; path = CalendarViewController.swift; sourceTree = "<group>"; };
		C921EE4628342A580064DD7C /* DateExtension.swift */ = {isa = PBXFileReference; lastKnownFileType = sourcecode.swift; path = DateExtension.swift; sourceTree = "<group>"; };
		C921EE482834C3780064DD7C /* WorkoutConstants.swift */ = {isa = PBXFileReference; lastKnownFileType = sourcecode.swift; path = WorkoutConstants.swift; sourceTree = "<group>"; };
		C921EE4A2834CEA20064DD7C /* ExerciseConstants.swift */ = {isa = PBXFileReference; lastKnownFileType = sourcecode.swift; path = ExerciseConstants.swift; sourceTree = "<group>"; };
		C921EE4C2834CF160064DD7C /* Exercise+Convenience.swift */ = {isa = PBXFileReference; lastKnownFileType = sourcecode.swift; path = "Exercise+Convenience.swift"; sourceTree = "<group>"; };
		C921EE4E283517A00064DD7C /* ExerciseTableViewCell.swift */ = {isa = PBXFileReference; lastKnownFileType = sourcecode.swift; path = ExerciseTableViewCell.swift; sourceTree = "<group>"; };
		C921EE50283625ED0064DD7C /* ExerciseSet+Convenience.swift */ = {isa = PBXFileReference; lastKnownFileType = sourcecode.swift; path = "ExerciseSet+Convenience.swift"; sourceTree = "<group>"; };
		C9343B12282B0A33008B5DF4 /* GymNote.app */ = {isa = PBXFileReference; explicitFileType = wrapper.application; includeInIndex = 0; path = GymNote.app; sourceTree = BUILT_PRODUCTS_DIR; };
		C9343B15282B0A34008B5DF4 /* AppDelegate.swift */ = {isa = PBXFileReference; lastKnownFileType = sourcecode.swift; path = AppDelegate.swift; sourceTree = "<group>"; };
		C9343B17282B0A34008B5DF4 /* SceneDelegate.swift */ = {isa = PBXFileReference; lastKnownFileType = sourcecode.swift; path = SceneDelegate.swift; sourceTree = "<group>"; };
		C9343B1C282B0A34008B5DF4 /* Base */ = {isa = PBXFileReference; lastKnownFileType = file.storyboard; name = Base; path = Base.lproj/Main.storyboard; sourceTree = "<group>"; };
		C9343B1E282B0A34008B5DF4 /* Assets.xcassets */ = {isa = PBXFileReference; lastKnownFileType = folder.assetcatalog; path = Assets.xcassets; sourceTree = "<group>"; };
		C9343B21282B0A34008B5DF4 /* Base */ = {isa = PBXFileReference; lastKnownFileType = file.storyboard; name = Base; path = Base.lproj/LaunchScreen.storyboard; sourceTree = "<group>"; };
		C9343B23282B0A34008B5DF4 /* Info.plist */ = {isa = PBXFileReference; lastKnownFileType = text.plist.xml; path = Info.plist; sourceTree = "<group>"; };
		C9343B26282B0A34008B5DF4 /* GymNote WatchKit App.app */ = {isa = PBXFileReference; explicitFileType = wrapper.application; includeInIndex = 0; path = "GymNote WatchKit App.app"; sourceTree = BUILT_PRODUCTS_DIR; };
		C9343B2C282B0A34008B5DF4 /* Base */ = {isa = PBXFileReference; lastKnownFileType = file.storyboard; name = Base; path = Base.lproj/Interface.storyboard; sourceTree = "<group>"; };
		C9343B2E282B0A35008B5DF4 /* Assets.xcassets */ = {isa = PBXFileReference; lastKnownFileType = folder.assetcatalog; path = Assets.xcassets; sourceTree = "<group>"; };
		C9343B34282B0A35008B5DF4 /* GymNote WatchKit Extension.appex */ = {isa = PBXFileReference; explicitFileType = "wrapper.app-extension"; includeInIndex = 0; path = "GymNote WatchKit Extension.appex"; sourceTree = BUILT_PRODUCTS_DIR; };
		C9343B39282B0A35008B5DF4 /* GymNoteInterfaceController.swift */ = {isa = PBXFileReference; lastKnownFileType = sourcecode.swift; path = GymNoteInterfaceController.swift; sourceTree = "<group>"; };
		C9343B3B282B0A35008B5DF4 /* ExtensionDelegate.swift */ = {isa = PBXFileReference; lastKnownFileType = sourcecode.swift; path = ExtensionDelegate.swift; sourceTree = "<group>"; };
		C9343B3D282B0A35008B5DF4 /* NotificationController.swift */ = {isa = PBXFileReference; lastKnownFileType = sourcecode.swift; path = NotificationController.swift; sourceTree = "<group>"; };
		C9343B3F282B0A35008B5DF4 /* ComplicationController.swift */ = {isa = PBXFileReference; lastKnownFileType = sourcecode.swift; path = ComplicationController.swift; sourceTree = "<group>"; };
		C9343B41282B0A36008B5DF4 /* Assets.xcassets */ = {isa = PBXFileReference; lastKnownFileType = folder.assetcatalog; path = Assets.xcassets; sourceTree = "<group>"; };
		C9343B43282B0A36008B5DF4 /* Info.plist */ = {isa = PBXFileReference; lastKnownFileType = text.plist.xml; path = Info.plist; sourceTree = "<group>"; };
		C9343B44282B0A36008B5DF4 /* PushNotificationPayload.apns */ = {isa = PBXFileReference; lastKnownFileType = text; path = PushNotificationPayload.apns; sourceTree = "<group>"; };
		C9343B5A282B6A72008B5DF4 /* GymNote.xcdatamodel */ = {isa = PBXFileReference; lastKnownFileType = wrapper.xcdatamodel; path = GymNote.xcdatamodel; sourceTree = "<group>"; };
		C9343B74282CC4E5008B5DF4 /* UserController.swift */ = {isa = PBXFileReference; lastKnownFileType = sourcecode.swift; path = UserController.swift; sourceTree = "<group>"; };
		C9343B8C282CE80D008B5DF4 /* UserInfoSetupViewController.swift */ = {isa = PBXFileReference; lastKnownFileType = sourcecode.swift; path = UserInfoSetupViewController.swift; sourceTree = "<group>"; };
		C96FF9FA283EF40B004774CB /* ProgressViewController.swift */ = {isa = PBXFileReference; lastKnownFileType = sourcecode.swift; path = ProgressViewController.swift; sourceTree = "<group>"; };
		C9859E0C283DBC2A00BCEA15 /* SettingViewController.swift */ = {isa = PBXFileReference; lastKnownFileType = sourcecode.swift; path = SettingViewController.swift; sourceTree = "<group>"; };
		C98FC144282F144B00FF504A /* WorkoutController.swift */ = {isa = PBXFileReference; lastKnownFileType = sourcecode.swift; path = WorkoutController.swift; sourceTree = "<group>"; };
		C98FC146282F145B00FF504A /* ExerciseController.swift */ = {isa = PBXFileReference; lastKnownFileType = sourcecode.swift; path = ExerciseController.swift; sourceTree = "<group>"; };
		C98FC148282F146400FF504A /* SetController.swift */ = {isa = PBXFileReference; lastKnownFileType = sourcecode.swift; path = SetController.swift; sourceTree = "<group>"; };
		C98FC15A28307AA500FF504A /* StringExtension.swift */ = {isa = PBXFileReference; lastKnownFileType = sourcecode.swift; path = StringExtension.swift; sourceTree = "<group>"; };
		C98FC15C2830A06400FF504A /* UserImageSetupViewController.swift */ = {isa = PBXFileReference; lastKnownFileType = sourcecode.swift; path = UserImageSetupViewController.swift; sourceTree = "<group>"; };
		C98FC16E2830A76600FF504A /* GymNote.entitlements */ = {isa = PBXFileReference; lastKnownFileType = text.plist.entitlements; path = GymNote.entitlements; sourceTree = "<group>"; };
		C98FC1702830A76D00FF504A /* CloudKit.framework */ = {isa = PBXFileReference; lastKnownFileType = wrapper.framework; name = CloudKit.framework; path = Platforms/iPhoneOS.platform/Developer/SDKs/iPhoneOS15.4.sdk/System/Library/Frameworks/CloudKit.framework; sourceTree = DEVELOPER_DIR; };
		C98FC172283105A100FF504A /* AlertManager.swift */ = {isa = PBXFileReference; lastKnownFileType = sourcecode.swift; path = AlertManager.swift; sourceTree = "<group>"; };
		C98FC1742831ED2B00FF504A /* Test.swift */ = {isa = PBXFileReference; lastKnownFileType = sourcecode.swift; path = Test.swift; sourceTree = "<group>"; };
		C9935F93283A227B00067032 /* HomeViewController.swift */ = {isa = PBXFileReference; lastKnownFileType = sourcecode.swift; path = HomeViewController.swift; sourceTree = "<group>"; };
		C9D82400283B684000CEB060 /* DatesDetailsViewController.swift */ = {isa = PBXFileReference; lastKnownFileType = sourcecode.swift; path = DatesDetailsViewController.swift; sourceTree = "<group>"; };
		C9F603C4282EEAD0003DAE47 /* CoreDataMaanger.swift */ = {isa = PBXFileReference; lastKnownFileType = sourcecode.swift; path = CoreDataMaanger.swift; sourceTree = "<group>"; };
		C9F603C6282EEE8B003DAE47 /* Onboarding.storyboard */ = {isa = PBXFileReference; lastKnownFileType = file.storyboard; path = Onboarding.storyboard; sourceTree = "<group>"; };
		C9F603C9282EEF18003DAE47 /* StoryboardConstants.swift */ = {isa = PBXFileReference; lastKnownFileType = sourcecode.swift; path = StoryboardConstants.swift; sourceTree = "<group>"; };
		C9F603CB282EF0D7003DAE47 /* StoryboardManager.swift */ = {isa = PBXFileReference; lastKnownFileType = sourcecode.swift; path = StoryboardManager.swift; sourceTree = "<group>"; };
		C9F603CF282EF560003DAE47 /* UserInfoConfirmationViewController.swift */ = {isa = PBXFileReference; lastKnownFileType = sourcecode.swift; path = UserInfoConfirmationViewController.swift; sourceTree = "<group>"; };
		CE9DBDF00B0AC975B1386178 /* Pods-GymNote.release.xcconfig */ = {isa = PBXFileReference; includeInIndex = 1; lastKnownFileType = text.xcconfig; name = "Pods-GymNote.release.xcconfig"; path = "Target Support Files/Pods-GymNote/Pods-GymNote.release.xcconfig"; sourceTree = "<group>"; };
/* End PBXFileReference section */

/* Begin PBXFrameworksBuildPhase section */
		9B72BBBC5C424EAF753C78ED /* Frameworks */ = {
			isa = PBXFrameworksBuildPhase;
			buildActionMask = 2147483647;
			files = (
				A6685C8FE0DEBC94DB4B4081 /* Pods_GymNote_WatchKit_App.framework in Frameworks */,
			);
			runOnlyForDeploymentPostprocessing = 0;
		};
		C9343B0F282B0A33008B5DF4 /* Frameworks */ = {
			isa = PBXFrameworksBuildPhase;
			buildActionMask = 2147483647;
			files = (
				C98FC1712830A76D00FF504A /* CloudKit.framework in Frameworks */,
				C91740CA283824E2004E6EC2 /* RSKImageCropper in Frameworks */,
				04569E28AB7F8ED127035353 /* Pods_GymNote.framework in Frameworks */,
			);
			runOnlyForDeploymentPostprocessing = 0;
		};
		C9343B31282B0A35008B5DF4 /* Frameworks */ = {
			isa = PBXFrameworksBuildPhase;
			buildActionMask = 2147483647;
			files = (
				121CBF89B48C6A7FA22F7A4C /* Pods_GymNote_WatchKit_Extension.framework in Frameworks */,
			);
			runOnlyForDeploymentPostprocessing = 0;
		};
/* End PBXFrameworksBuildPhase section */

/* Begin PBXGroup section */
		C91740B42836C6DB004E6EC2 /* ExerciseCellVCs */ = {
			isa = PBXGroup;
			children = (
				C921EE4E283517A00064DD7C /* ExerciseTableViewCell.swift */,
			);
			path = ExerciseCellVCs;
			sourceTree = "<group>";
		};
		C91740B52836CBA5004E6EC2 /* SetCellVCs */ = {
			isa = PBXGroup;
			children = (
				C91740BA2836D28B004E6EC2 /* CardioSetsTableViewCell.swift */,
				C91740BC2836D2A2004E6EC2 /* WeightLiftingSetsTableViewCell.swift */,
				C91740BE2836D2B4004E6EC2 /* CustomExerciseSetsTableViewCell.swift */,
				C91740C0283727F0004E6EC2 /* BodyweightTrainingTableViewCell.swift */,
			);
			path = SetCellVCs;
			sourceTree = "<group>";
		};
		C9185E962832E3B7004759CC /* WorkoutPlanVCs */ = {
			isa = PBXGroup;
			children = (
				C9185E922832DFF5004759CC /* WorkoutInfoSetupViewController.swift */,
				C9185E8E2832DE0A004759CC /* ExerciseListViewController.swift */,
				C91740B82836D090004E6EC2 /* ExerciseInfoSetupViewController.swift */,
				C91740B62836CCF3004E6EC2 /* SetInfoSetupViewController.swift */,
				C91740B42836C6DB004E6EC2 /* ExerciseCellVCs */,
				C91740B52836CBA5004E6EC2 /* SetCellVCs */,
			);
			path = WorkoutPlanVCs;
			sourceTree = "<group>";
		};
		C91E5C19283C2CEA003ABFCD /* WorkoutCellVCs */ = {
			isa = PBXGroup;
			children = (
				C91E5C1A283C2D28003ABFCD /* WorkoutTableViewCell.swift */,
			);
			path = WorkoutCellVCs;
			sourceTree = "<group>";
		};
		C91E5C20283CA324003ABFCD /* CalendarVCs */ = {
			isa = PBXGroup;
			children = (
				C91E5C21283CA359003ABFCD /* CalendarViewController.swift */,
				C9D82400283B684000CEB060 /* DatesDetailsViewController.swift */,
			);
			path = CalendarVCs;
			sourceTree = "<group>";
		};
		C9343B09282B0A33008B5DF4 = {
			isa = PBXGroup;
			children = (
				C9343B14282B0A33008B5DF4 /* GymNote */,
				C9343B2A282B0A34008B5DF4 /* GymNote WatchKit App */,
				C9343B38282B0A35008B5DF4 /* GymNote WatchKit Extension */,
				C9343B13282B0A33008B5DF4 /* Products */,
				C98FC16F2830A76D00FF504A /* Frameworks */,
				D571B36B2DA71A1DE6E15515 /* Pods */,
			);
			sourceTree = "<group>";
		};
		C9343B13282B0A33008B5DF4 /* Products */ = {
			isa = PBXGroup;
			children = (
				C9343B12282B0A33008B5DF4 /* GymNote.app */,
				C9343B26282B0A34008B5DF4 /* GymNote WatchKit App.app */,
				C9343B34282B0A35008B5DF4 /* GymNote WatchKit Extension.appex */,
			);
			name = Products;
			sourceTree = "<group>";
		};
		C9343B14282B0A33008B5DF4 /* GymNote */ = {
			isa = PBXGroup;
			children = (
				C98FC16E2830A76600FF504A /* GymNote.entitlements */,
				C9343B56282B0ABC008B5DF4 /* Models */,
				C9343B55282B0AB8008B5DF4 /* Controllers */,
				C9343B54282B0A9E008B5DF4 /* Views */,
				C9343B57282B0AC0008B5DF4 /* Extensions */,
				C9F603C8282EEEFD003DAE47 /* Constants */,
				C9343B58282B0AC4008B5DF4 /* Helpers */,
				C9343B52282B0A45008B5DF4 /* Resources */,
			);
			path = GymNote;
			sourceTree = "<group>";
		};
		C9343B2A282B0A34008B5DF4 /* GymNote WatchKit App */ = {
			isa = PBXGroup;
			children = (
				C9343B2B282B0A34008B5DF4 /* Interface.storyboard */,
				C9343B2E282B0A35008B5DF4 /* Assets.xcassets */,
			);
			path = "GymNote WatchKit App";
			sourceTree = "<group>";
		};
		C9343B38282B0A35008B5DF4 /* GymNote WatchKit Extension */ = {
			isa = PBXGroup;
			children = (
				C9343B39282B0A35008B5DF4 /* GymNoteInterfaceController.swift */,
				C9343B3B282B0A35008B5DF4 /* ExtensionDelegate.swift */,
				C9343B3D282B0A35008B5DF4 /* NotificationController.swift */,
				C9343B3F282B0A35008B5DF4 /* ComplicationController.swift */,
				C9343B41282B0A36008B5DF4 /* Assets.xcassets */,
				C9343B43282B0A36008B5DF4 /* Info.plist */,
				C9343B44282B0A36008B5DF4 /* PushNotificationPayload.apns */,
			);
			path = "GymNote WatchKit Extension";
			sourceTree = "<group>";
		};
		C9343B52282B0A45008B5DF4 /* Resources */ = {
			isa = PBXGroup;
			children = (
				C9343B15282B0A34008B5DF4 /* AppDelegate.swift */,
				C9343B17282B0A34008B5DF4 /* SceneDelegate.swift */,
				C9343B1E282B0A34008B5DF4 /* Assets.xcassets */,
				C9343B23282B0A34008B5DF4 /* Info.plist */,
			);
			path = Resources;
			sourceTree = "<group>";
		};
		C9343B53282B0A91008B5DF4 /* Storyboards */ = {
			isa = PBXGroup;
			children = (
				C9343B1B282B0A34008B5DF4 /* Main.storyboard */,
				C9F603C6282EEE8B003DAE47 /* Onboarding.storyboard */,
				C9185E942832E389004759CC /* WorkoutSetup.storyboard */,
				C9343B20282B0A34008B5DF4 /* LaunchScreen.storyboard */,
			);
			path = Storyboards;
			sourceTree = "<group>";
		};
		C9343B54282B0A9E008B5DF4 /* Views */ = {
			isa = PBXGroup;
			children = (
				C9343B53282B0A91008B5DF4 /* Storyboards */,
			);
			path = Views;
			sourceTree = "<group>";
		};
		C9343B55282B0AB8008B5DF4 /* Controllers */ = {
			isa = PBXGroup;
			children = (
				C9343B73282CC4CD008B5DF4 /* ModelControllers */,
				C9343B72282CC4C2008B5DF4 /* ViewControllers */,
			);
			path = Controllers;
			sourceTree = "<group>";
		};
		C9343B56282B0ABC008B5DF4 /* Models */ = {
			isa = PBXGroup;
			children = (
				C9343B70282CC253008B5DF4 /* CoreData */,
			);
			path = Models;
			sourceTree = "<group>";
		};
		C9343B57282B0AC0008B5DF4 /* Extensions */ = {
			isa = PBXGroup;
			children = (
				C98FC15A28307AA500FF504A /* StringExtension.swift */,
				C921EE4628342A580064DD7C /* DateExtension.swift */,
			);
			path = Extensions;
			sourceTree = "<group>";
		};
		C9343B58282B0AC4008B5DF4 /* Helpers */ = {
			isa = PBXGroup;
			children = (
				C9F603CB282EF0D7003DAE47 /* StoryboardManager.swift */,
				C98FC172283105A100FF504A /* AlertManager.swift */,
				C98FC1742831ED2B00FF504A /* Test.swift */,
			);
			path = Helpers;
			sourceTree = "<group>";
		};
		C9343B70282CC253008B5DF4 /* CoreData */ = {
			isa = PBXGroup;
			children = (
				C9343B59282B6A72008B5DF4 /* GymNote.xcdatamodeld */,
				C9F603C4282EEAD0003DAE47 /* CoreDataMaanger.swift */,
				C9343B71282CC26C008B5DF4 /* NSManagedObjectSubclasses */,
			);
			path = CoreData;
			sourceTree = "<group>";
		};
		C9343B71282CC26C008B5DF4 /* NSManagedObjectSubclasses */ = {
			isa = PBXGroup;
			children = (
				C91740D22838D245004E6EC2 /* User+CoreDataClass.swift */,
				C91740D32838D245004E6EC2 /* User+CoreDataProperties.swift */,
				C91740D02838A5FF004E6EC2 /* Workout+Convenience.swift */,
				C921EE4C2834CF160064DD7C /* Exercise+Convenience.swift */,
				C921EE50283625ED0064DD7C /* ExerciseSet+Convenience.swift */,
				C91E5C1C283C5EA8003ABFCD /* WeightRecord+Convenience.swift */,
			);
			path = NSManagedObjectSubclasses;
			sourceTree = "<group>";
		};
		C9343B72282CC4C2008B5DF4 /* ViewControllers */ = {
			isa = PBXGroup;
			children = (
				C98FC143282F13EA00FF504A /* MainStroyboardVCs */,
				C98FC142282F13BA00FF504A /* OnboardingVCs */,
				C9185E962832E3B7004759CC /* WorkoutPlanVCs */,
			);
			path = ViewControllers;
			sourceTree = "<group>";
		};
		C9343B73282CC4CD008B5DF4 /* ModelControllers */ = {
			isa = PBXGroup;
			children = (
				C9343B74282CC4E5008B5DF4 /* UserController.swift */,
				C98FC144282F144B00FF504A /* WorkoutController.swift */,
				C98FC146282F145B00FF504A /* ExerciseController.swift */,
				C98FC148282F146400FF504A /* SetController.swift */,
				C91E5C1E283C5F44003ABFCD /* WeightRecordController.swift */,
			);
			path = ModelControllers;
			sourceTree = "<group>";
		};
		C98FC142282F13BA00FF504A /* OnboardingVCs */ = {
			isa = PBXGroup;
			children = (
				C9343B8C282CE80D008B5DF4 /* UserInfoSetupViewController.swift */,
				C98FC15C2830A06400FF504A /* UserImageSetupViewController.swift */,
				C9F603CF282EF560003DAE47 /* UserInfoConfirmationViewController.swift */,
			);
			path = OnboardingVCs;
			sourceTree = "<group>";
		};
		C98FC143282F13EA00FF504A /* MainStroyboardVCs */ = {
			isa = PBXGroup;
			children = (
				C9935F6D283A0FEA00067032 /* HomeVCs */,
				C91E5C20283CA324003ABFCD /* CalendarVCs */,
				C91E5C19283C2CEA003ABFCD /* WorkoutCellVCs */,
				C9935F6E283A0FF500067032 /* ProgressVCs */,
				C9935F70283A100300067032 /* SettingVCs */,
			);
			path = MainStroyboardVCs;
			sourceTree = "<group>";
		};
		C98FC16F2830A76D00FF504A /* Frameworks */ = {
			isa = PBXGroup;
			children = (
				C98FC1702830A76D00FF504A /* CloudKit.framework */,
				45512C8A801A6393BE02E22E /* Pods_GymNote.framework */,
				499C041F73FED242E9AF57D5 /* Pods_GymNote_WatchKit_App.framework */,
				37078D5F07B7B2DE56CA7E65 /* Pods_GymNote_WatchKit_Extension.framework */,
			);
			name = Frameworks;
			sourceTree = "<group>";
		};
		C9935F6D283A0FEA00067032 /* HomeVCs */ = {
			isa = PBXGroup;
			children = (
				C9935F93283A227B00067032 /* HomeViewController.swift */,
			);
			path = HomeVCs;
			sourceTree = "<group>";
		};
		C9935F6E283A0FF500067032 /* ProgressVCs */ = {
			isa = PBXGroup;
			children = (
				C96FF9FA283EF40B004774CB /* ProgressViewController.swift */,
			);
			path = ProgressVCs;
			sourceTree = "<group>";
		};
		C9935F70283A100300067032 /* SettingVCs */ = {
			isa = PBXGroup;
			children = (
				C9859E0C283DBC2A00BCEA15 /* SettingViewController.swift */,
			);
			path = SettingVCs;
			sourceTree = "<group>";
		};
		C9F603C8282EEEFD003DAE47 /* Constants */ = {
			isa = PBXGroup;
			children = (
				C9F603C9282EEF18003DAE47 /* StoryboardConstants.swift */,
				C91740C628380E69004E6EC2 /* UserConstants.swift */,
				C921EE482834C3780064DD7C /* WorkoutConstants.swift */,
				C921EE4A2834CEA20064DD7C /* ExerciseConstants.swift */,
			);
			path = Constants;
			sourceTree = "<group>";
		};
		D571B36B2DA71A1DE6E15515 /* Pods */ = {
			isa = PBXGroup;
			children = (
				3FD4A07E566118A70EDB964A /* Pods-GymNote.debug.xcconfig */,
				CE9DBDF00B0AC975B1386178 /* Pods-GymNote.release.xcconfig */,
				7A80471D44E44EFA7DA1C695 /* Pods-GymNote WatchKit App.debug.xcconfig */,
				5DF9FD3F1102A4F3289F5039 /* Pods-GymNote WatchKit App.release.xcconfig */,
				9F5A23B325A2A5DA14F62323 /* Pods-GymNote WatchKit Extension.debug.xcconfig */,
				7B405B382F3119E9F09FD249 /* Pods-GymNote WatchKit Extension.release.xcconfig */,
			);
			path = Pods;
			sourceTree = "<group>";
		};
/* End PBXGroup section */

/* Begin PBXNativeTarget section */
		C9343B11282B0A33008B5DF4 /* GymNote */ = {
			isa = PBXNativeTarget;
			buildConfigurationList = C9343B4F282B0A36008B5DF4 /* Build configuration list for PBXNativeTarget "GymNote" */;
			buildPhases = (
				1B1C61D76465C896577B64DD /* [CP] Check Pods Manifest.lock */,
				C9343B0E282B0A33008B5DF4 /* Sources */,
				C9343B0F282B0A33008B5DF4 /* Frameworks */,
				C9343B10282B0A33008B5DF4 /* Resources */,
				C9343B4E282B0A36008B5DF4 /* Embed Watch Content */,
				389BBF4695C5C8D4EB37B901 /* [CP] Embed Pods Frameworks */,
			);
			buildRules = (
			);
			dependencies = (
				C9343B29282B0A34008B5DF4 /* PBXTargetDependency */,
			);
			name = GymNote;
			packageProductDependencies = (
				C91740C9283824E2004E6EC2 /* RSKImageCropper */,
			);
			productName = GymNote;
			productReference = C9343B12282B0A33008B5DF4 /* GymNote.app */;
			productType = "com.apple.product-type.application";
		};
		C9343B25282B0A34008B5DF4 /* GymNote WatchKit App */ = {
			isa = PBXNativeTarget;
			buildConfigurationList = C9343B4B282B0A36008B5DF4 /* Build configuration list for PBXNativeTarget "GymNote WatchKit App" */;
			buildPhases = (
				5FC0C91568A8B7C312586373 /* [CP] Check Pods Manifest.lock */,
				C9343B24282B0A34008B5DF4 /* Resources */,
				C9343B4A282B0A36008B5DF4 /* Embed App Extensions */,
				9B72BBBC5C424EAF753C78ED /* Frameworks */,
			);
			buildRules = (
			);
			dependencies = (
				C9343B37282B0A35008B5DF4 /* PBXTargetDependency */,
			);
			name = "GymNote WatchKit App";
			productName = "GymNote WatchKit App";
			productReference = C9343B26282B0A34008B5DF4 /* GymNote WatchKit App.app */;
			productType = "com.apple.product-type.application.watchapp2";
		};
		C9343B33282B0A35008B5DF4 /* GymNote WatchKit Extension */ = {
			isa = PBXNativeTarget;
			buildConfigurationList = C9343B47282B0A36008B5DF4 /* Build configuration list for PBXNativeTarget "GymNote WatchKit Extension" */;
			buildPhases = (
				A7916627FB6FCEB5240C09A9 /* [CP] Check Pods Manifest.lock */,
				C9343B30282B0A35008B5DF4 /* Sources */,
				C9343B31282B0A35008B5DF4 /* Frameworks */,
				C9343B32282B0A35008B5DF4 /* Resources */,
			);
			buildRules = (
			);
			dependencies = (
			);
			name = "GymNote WatchKit Extension";
			productName = "GymNote WatchKit Extension";
			productReference = C9343B34282B0A35008B5DF4 /* GymNote WatchKit Extension.appex */;
			productType = "com.apple.product-type.watchkit2-extension";
		};
/* End PBXNativeTarget section */

/* Begin PBXProject section */
		C9343B0A282B0A33008B5DF4 /* Project object */ = {
			isa = PBXProject;
			attributes = {
				BuildIndependentTargetsInParallel = 1;
				LastSwiftUpdateCheck = 1330;
				LastUpgradeCheck = 1330;
				TargetAttributes = {
					C9343B11282B0A33008B5DF4 = {
						CreatedOnToolsVersion = 13.3.1;
					};
					C9343B25282B0A34008B5DF4 = {
						CreatedOnToolsVersion = 13.3.1;
					};
					C9343B33282B0A35008B5DF4 = {
						CreatedOnToolsVersion = 13.3.1;
					};
				};
			};
			buildConfigurationList = C9343B0D282B0A33008B5DF4 /* Build configuration list for PBXProject "GymNote" */;
			compatibilityVersion = "Xcode 13.0";
			developmentRegion = en;
			hasScannedForEncodings = 0;
			knownRegions = (
				en,
				Base,
			);
			mainGroup = C9343B09282B0A33008B5DF4;
			packageReferences = (
				C91740C8283824E2004E6EC2 /* XCRemoteSwiftPackageReference "RSKImageCropper" */,
			);
			productRefGroup = C9343B13282B0A33008B5DF4 /* Products */;
			projectDirPath = "";
			projectRoot = "";
			targets = (
				C9343B11282B0A33008B5DF4 /* GymNote */,
				C9343B25282B0A34008B5DF4 /* GymNote WatchKit App */,
				C9343B33282B0A35008B5DF4 /* GymNote WatchKit Extension */,
			);
		};
/* End PBXProject section */

/* Begin PBXResourcesBuildPhase section */
		C9343B10282B0A33008B5DF4 /* Resources */ = {
			isa = PBXResourcesBuildPhase;
			buildActionMask = 2147483647;
			files = (
				C9185E952832E389004759CC /* WorkoutSetup.storyboard in Resources */,
				C9343B22282B0A34008B5DF4 /* LaunchScreen.storyboard in Resources */,
				C9343B1F282B0A34008B5DF4 /* Assets.xcassets in Resources */,
				C9343B1D282B0A34008B5DF4 /* Main.storyboard in Resources */,
				C9F603C7282EEE8B003DAE47 /* Onboarding.storyboard in Resources */,
			);
			runOnlyForDeploymentPostprocessing = 0;
		};
		C9343B24282B0A34008B5DF4 /* Resources */ = {
			isa = PBXResourcesBuildPhase;
			buildActionMask = 2147483647;
			files = (
				C9343B2F282B0A35008B5DF4 /* Assets.xcassets in Resources */,
				C9343B2D282B0A34008B5DF4 /* Interface.storyboard in Resources */,
			);
			runOnlyForDeploymentPostprocessing = 0;
		};
		C9343B32282B0A35008B5DF4 /* Resources */ = {
			isa = PBXResourcesBuildPhase;
			buildActionMask = 2147483647;
			files = (
				C9343B42282B0A36008B5DF4 /* Assets.xcassets in Resources */,
			);
			runOnlyForDeploymentPostprocessing = 0;
		};
/* End PBXResourcesBuildPhase section */

/* Begin PBXShellScriptBuildPhase section */
		1B1C61D76465C896577B64DD /* [CP] Check Pods Manifest.lock */ = {
			isa = PBXShellScriptBuildPhase;
			buildActionMask = 2147483647;
			files = (
			);
			inputFileListPaths = (
			);
			inputPaths = (
				"${PODS_PODFILE_DIR_PATH}/Podfile.lock",
				"${PODS_ROOT}/Manifest.lock",
			);
			name = "[CP] Check Pods Manifest.lock";
			outputFileListPaths = (
			);
			outputPaths = (
				"$(DERIVED_FILE_DIR)/Pods-GymNote-checkManifestLockResult.txt",
			);
			runOnlyForDeploymentPostprocessing = 0;
			shellPath = /bin/sh;
			shellScript = "diff \"${PODS_PODFILE_DIR_PATH}/Podfile.lock\" \"${PODS_ROOT}/Manifest.lock\" > /dev/null\nif [ $? != 0 ] ; then\n    # print error to STDERR\n    echo \"error: The sandbox is not in sync with the Podfile.lock. Run 'pod install' or update your CocoaPods installation.\" >&2\n    exit 1\nfi\n# This output is used by Xcode 'outputs' to avoid re-running this script phase.\necho \"SUCCESS\" > \"${SCRIPT_OUTPUT_FILE_0}\"\n";
			showEnvVarsInLog = 0;
		};
		389BBF4695C5C8D4EB37B901 /* [CP] Embed Pods Frameworks */ = {
			isa = PBXShellScriptBuildPhase;
			buildActionMask = 2147483647;
			files = (
			);
			inputFileListPaths = (
				"${PODS_ROOT}/Target Support Files/Pods-GymNote/Pods-GymNote-frameworks-${CONFIGURATION}-input-files.xcfilelist",
			);
			name = "[CP] Embed Pods Frameworks";
			outputFileListPaths = (
				"${PODS_ROOT}/Target Support Files/Pods-GymNote/Pods-GymNote-frameworks-${CONFIGURATION}-output-files.xcfilelist",
			);
			runOnlyForDeploymentPostprocessing = 0;
			shellPath = /bin/sh;
			shellScript = "\"${PODS_ROOT}/Target Support Files/Pods-GymNote/Pods-GymNote-frameworks.sh\"\n";
			showEnvVarsInLog = 0;
		};
		5FC0C91568A8B7C312586373 /* [CP] Check Pods Manifest.lock */ = {
			isa = PBXShellScriptBuildPhase;
			buildActionMask = 2147483647;
			files = (
			);
			inputFileListPaths = (
			);
			inputPaths = (
				"${PODS_PODFILE_DIR_PATH}/Podfile.lock",
				"${PODS_ROOT}/Manifest.lock",
			);
			name = "[CP] Check Pods Manifest.lock";
			outputFileListPaths = (
			);
			outputPaths = (
				"$(DERIVED_FILE_DIR)/Pods-GymNote WatchKit App-checkManifestLockResult.txt",
			);
			runOnlyForDeploymentPostprocessing = 0;
			shellPath = /bin/sh;
			shellScript = "diff \"${PODS_PODFILE_DIR_PATH}/Podfile.lock\" \"${PODS_ROOT}/Manifest.lock\" > /dev/null\nif [ $? != 0 ] ; then\n    # print error to STDERR\n    echo \"error: The sandbox is not in sync with the Podfile.lock. Run 'pod install' or update your CocoaPods installation.\" >&2\n    exit 1\nfi\n# This output is used by Xcode 'outputs' to avoid re-running this script phase.\necho \"SUCCESS\" > \"${SCRIPT_OUTPUT_FILE_0}\"\n";
			showEnvVarsInLog = 0;
		};
		A7916627FB6FCEB5240C09A9 /* [CP] Check Pods Manifest.lock */ = {
			isa = PBXShellScriptBuildPhase;
			buildActionMask = 2147483647;
			files = (
			);
			inputFileListPaths = (
			);
			inputPaths = (
				"${PODS_PODFILE_DIR_PATH}/Podfile.lock",
				"${PODS_ROOT}/Manifest.lock",
			);
			name = "[CP] Check Pods Manifest.lock";
			outputFileListPaths = (
			);
			outputPaths = (
				"$(DERIVED_FILE_DIR)/Pods-GymNote WatchKit Extension-checkManifestLockResult.txt",
			);
			runOnlyForDeploymentPostprocessing = 0;
			shellPath = /bin/sh;
			shellScript = "diff \"${PODS_PODFILE_DIR_PATH}/Podfile.lock\" \"${PODS_ROOT}/Manifest.lock\" > /dev/null\nif [ $? != 0 ] ; then\n    # print error to STDERR\n    echo \"error: The sandbox is not in sync with the Podfile.lock. Run 'pod install' or update your CocoaPods installation.\" >&2\n    exit 1\nfi\n# This output is used by Xcode 'outputs' to avoid re-running this script phase.\necho \"SUCCESS\" > \"${SCRIPT_OUTPUT_FILE_0}\"\n";
			showEnvVarsInLog = 0;
		};
/* End PBXShellScriptBuildPhase section */

/* Begin PBXSourcesBuildPhase section */
		C9343B0E282B0A33008B5DF4 /* Sources */ = {
			isa = PBXSourcesBuildPhase;
			buildActionMask = 2147483647;
			files = (
				C91E5C22283CA359003ABFCD /* CalendarViewController.swift in Sources */,
				C9F603CC282EF0D7003DAE47 /* StoryboardManager.swift in Sources */,
				C9343B16282B0A34008B5DF4 /* AppDelegate.swift in Sources */,
				C96FF9FB283EF40B004774CB /* ProgressViewController.swift in Sources */,
				C921EE51283625ED0064DD7C /* ExerciseSet+Convenience.swift in Sources */,
				C91740D52838D245004E6EC2 /* User+CoreDataProperties.swift in Sources */,
				C91740D12838A5FF004E6EC2 /* Workout+Convenience.swift in Sources */,
				C9935F94283A227B00067032 /* HomeViewController.swift in Sources */,
				C9D82401283B684000CEB060 /* DatesDetailsViewController.swift in Sources */,
				C9343B75282CC4E5008B5DF4 /* UserController.swift in Sources */,
				C9185E8F2832DE0A004759CC /* ExerciseListViewController.swift in Sources */,
				C91740C728380E69004E6EC2 /* UserConstants.swift in Sources */,
				C91740C1283727F0004E6EC2 /* BodyweightTrainingTableViewCell.swift in Sources */,
				C91740D42838D245004E6EC2 /* User+CoreDataClass.swift in Sources */,
				C921EE492834C3780064DD7C /* WorkoutConstants.swift in Sources */,
				C98FC15D2830A06400FF504A /* UserImageSetupViewController.swift in Sources */,
				C9185E932832DFF5004759CC /* WorkoutInfoSetupViewController.swift in Sources */,
				C98FC147282F145B00FF504A /* ExerciseController.swift in Sources */,
				C91740B72836CCF3004E6EC2 /* SetInfoSetupViewController.swift in Sources */,
				C98FC145282F144B00FF504A /* WorkoutController.swift in Sources */,
				C91E5C1F283C5F44003ABFCD /* WeightRecordController.swift in Sources */,
				C91E5C1D283C5EA8003ABFCD /* WeightRecord+Convenience.swift in Sources */,
				C98FC173283105A100FF504A /* AlertManager.swift in Sources */,
				C9F603D0282EF560003DAE47 /* UserInfoConfirmationViewController.swift in Sources */,
				C91740BB2836D28B004E6EC2 /* CardioSetsTableViewCell.swift in Sources */,
				C9343B8D282CE80D008B5DF4 /* UserInfoSetupViewController.swift in Sources */,
				C9343B18282B0A34008B5DF4 /* SceneDelegate.swift in Sources */,
				C98FC149282F146400FF504A /* SetController.swift in Sources */,
				C9F603CA282EEF18003DAE47 /* StoryboardConstants.swift in Sources */,
				C91740BF2836D2B4004E6EC2 /* CustomExerciseSetsTableViewCell.swift in Sources */,
				C921EE4D2834CF160064DD7C /* Exercise+Convenience.swift in Sources */,
				C91740B92836D090004E6EC2 /* ExerciseInfoSetupViewController.swift in Sources */,
				C921EE4728342A580064DD7C /* DateExtension.swift in Sources */,
				C9343B5B282B6A72008B5DF4 /* GymNote.xcdatamodeld in Sources */,
				C91E5C1B283C2D28003ABFCD /* WorkoutTableViewCell.swift in Sources */,
				C91740BD2836D2A2004E6EC2 /* WeightLiftingSetsTableViewCell.swift in Sources */,
				C921EE4F283517A00064DD7C /* ExerciseTableViewCell.swift in Sources */,
				C98FC15B28307AA500FF504A /* StringExtension.swift in Sources */,
				C98FC1752831ED2B00FF504A /* Test.swift in Sources */,
				C9859E0D283DBC2A00BCEA15 /* SettingViewController.swift in Sources */,
				C9F603C5282EEAD0003DAE47 /* CoreDataMaanger.swift in Sources */,
				C921EE4B2834CEA20064DD7C /* ExerciseConstants.swift in Sources */,
			);
			runOnlyForDeploymentPostprocessing = 0;
		};
		C9343B30282B0A35008B5DF4 /* Sources */ = {
			isa = PBXSourcesBuildPhase;
			buildActionMask = 2147483647;
			files = (
				C9343B3E282B0A35008B5DF4 /* NotificationController.swift in Sources */,
				C9343B40282B0A35008B5DF4 /* ComplicationController.swift in Sources */,
				C9343B3C282B0A35008B5DF4 /* ExtensionDelegate.swift in Sources */,
				C9343B3A282B0A35008B5DF4 /* GymNoteInterfaceController.swift in Sources */,
			);
			runOnlyForDeploymentPostprocessing = 0;
		};
/* End PBXSourcesBuildPhase section */

/* Begin PBXTargetDependency section */
		C9343B29282B0A34008B5DF4 /* PBXTargetDependency */ = {
			isa = PBXTargetDependency;
			target = C9343B25282B0A34008B5DF4 /* GymNote WatchKit App */;
			targetProxy = C9343B28282B0A34008B5DF4 /* PBXContainerItemProxy */;
		};
		C9343B37282B0A35008B5DF4 /* PBXTargetDependency */ = {
			isa = PBXTargetDependency;
			target = C9343B33282B0A35008B5DF4 /* GymNote WatchKit Extension */;
			targetProxy = C9343B36282B0A35008B5DF4 /* PBXContainerItemProxy */;
		};
/* End PBXTargetDependency section */

/* Begin PBXVariantGroup section */
		C9343B1B282B0A34008B5DF4 /* Main.storyboard */ = {
			isa = PBXVariantGroup;
			children = (
				C9343B1C282B0A34008B5DF4 /* Base */,
			);
			name = Main.storyboard;
			sourceTree = "<group>";
		};
		C9343B20282B0A34008B5DF4 /* LaunchScreen.storyboard */ = {
			isa = PBXVariantGroup;
			children = (
				C9343B21282B0A34008B5DF4 /* Base */,
			);
			name = LaunchScreen.storyboard;
			sourceTree = "<group>";
		};
		C9343B2B282B0A34008B5DF4 /* Interface.storyboard */ = {
			isa = PBXVariantGroup;
			children = (
				C9343B2C282B0A34008B5DF4 /* Base */,
			);
			name = Interface.storyboard;
			sourceTree = "<group>";
		};
/* End PBXVariantGroup section */

/* Begin XCBuildConfiguration section */
		C9343B45282B0A36008B5DF4 /* Debug */ = {
			isa = XCBuildConfiguration;
			buildSettings = {
				ALWAYS_SEARCH_USER_PATHS = NO;
				CLANG_ANALYZER_NONNULL = YES;
				CLANG_ANALYZER_NUMBER_OBJECT_CONVERSION = YES_AGGRESSIVE;
				CLANG_CXX_LANGUAGE_STANDARD = "gnu++17";
				CLANG_ENABLE_MODULES = YES;
				CLANG_ENABLE_OBJC_ARC = YES;
				CLANG_ENABLE_OBJC_WEAK = YES;
				CLANG_WARN_BLOCK_CAPTURE_AUTORELEASING = YES;
				CLANG_WARN_BOOL_CONVERSION = YES;
				CLANG_WARN_COMMA = YES;
				CLANG_WARN_CONSTANT_CONVERSION = YES;
				CLANG_WARN_DEPRECATED_OBJC_IMPLEMENTATIONS = YES;
				CLANG_WARN_DIRECT_OBJC_ISA_USAGE = YES_ERROR;
				CLANG_WARN_DOCUMENTATION_COMMENTS = YES;
				CLANG_WARN_EMPTY_BODY = YES;
				CLANG_WARN_ENUM_CONVERSION = YES;
				CLANG_WARN_INFINITE_RECURSION = YES;
				CLANG_WARN_INT_CONVERSION = YES;
				CLANG_WARN_NON_LITERAL_NULL_CONVERSION = YES;
				CLANG_WARN_OBJC_IMPLICIT_RETAIN_SELF = YES;
				CLANG_WARN_OBJC_LITERAL_CONVERSION = YES;
				CLANG_WARN_OBJC_ROOT_CLASS = YES_ERROR;
				CLANG_WARN_QUOTED_INCLUDE_IN_FRAMEWORK_HEADER = YES;
				CLANG_WARN_RANGE_LOOP_ANALYSIS = YES;
				CLANG_WARN_STRICT_PROTOTYPES = YES;
				CLANG_WARN_SUSPICIOUS_MOVE = YES;
				CLANG_WARN_UNGUARDED_AVAILABILITY = YES_AGGRESSIVE;
				CLANG_WARN_UNREACHABLE_CODE = YES;
				CLANG_WARN__DUPLICATE_METHOD_MATCH = YES;
				COPY_PHASE_STRIP = NO;
				DEBUG_INFORMATION_FORMAT = dwarf;
				ENABLE_STRICT_OBJC_MSGSEND = YES;
				ENABLE_TESTABILITY = YES;
				GCC_C_LANGUAGE_STANDARD = gnu11;
				GCC_DYNAMIC_NO_PIC = NO;
				GCC_NO_COMMON_BLOCKS = YES;
				GCC_OPTIMIZATION_LEVEL = 0;
				GCC_PREPROCESSOR_DEFINITIONS = (
					"DEBUG=1",
					"$(inherited)",
				);
				GCC_WARN_64_TO_32_BIT_CONVERSION = YES;
				GCC_WARN_ABOUT_RETURN_TYPE = YES_ERROR;
				GCC_WARN_UNDECLARED_SELECTOR = YES;
				GCC_WARN_UNINITIALIZED_AUTOS = YES_AGGRESSIVE;
				GCC_WARN_UNUSED_FUNCTION = YES;
				GCC_WARN_UNUSED_VARIABLE = YES;
				MTL_ENABLE_DEBUG_INFO = INCLUDE_SOURCE;
				MTL_FAST_MATH = YES;
				ONLY_ACTIVE_ARCH = YES;
				SWIFT_ACTIVE_COMPILATION_CONDITIONS = DEBUG;
				SWIFT_OPTIMIZATION_LEVEL = "-Onone";
			};
			name = Debug;
		};
		C9343B46282B0A36008B5DF4 /* Release */ = {
			isa = XCBuildConfiguration;
			buildSettings = {
				ALWAYS_SEARCH_USER_PATHS = NO;
				CLANG_ANALYZER_NONNULL = YES;
				CLANG_ANALYZER_NUMBER_OBJECT_CONVERSION = YES_AGGRESSIVE;
				CLANG_CXX_LANGUAGE_STANDARD = "gnu++17";
				CLANG_ENABLE_MODULES = YES;
				CLANG_ENABLE_OBJC_ARC = YES;
				CLANG_ENABLE_OBJC_WEAK = YES;
				CLANG_WARN_BLOCK_CAPTURE_AUTORELEASING = YES;
				CLANG_WARN_BOOL_CONVERSION = YES;
				CLANG_WARN_COMMA = YES;
				CLANG_WARN_CONSTANT_CONVERSION = YES;
				CLANG_WARN_DEPRECATED_OBJC_IMPLEMENTATIONS = YES;
				CLANG_WARN_DIRECT_OBJC_ISA_USAGE = YES_ERROR;
				CLANG_WARN_DOCUMENTATION_COMMENTS = YES;
				CLANG_WARN_EMPTY_BODY = YES;
				CLANG_WARN_ENUM_CONVERSION = YES;
				CLANG_WARN_INFINITE_RECURSION = YES;
				CLANG_WARN_INT_CONVERSION = YES;
				CLANG_WARN_NON_LITERAL_NULL_CONVERSION = YES;
				CLANG_WARN_OBJC_IMPLICIT_RETAIN_SELF = YES;
				CLANG_WARN_OBJC_LITERAL_CONVERSION = YES;
				CLANG_WARN_OBJC_ROOT_CLASS = YES_ERROR;
				CLANG_WARN_QUOTED_INCLUDE_IN_FRAMEWORK_HEADER = YES;
				CLANG_WARN_RANGE_LOOP_ANALYSIS = YES;
				CLANG_WARN_STRICT_PROTOTYPES = YES;
				CLANG_WARN_SUSPICIOUS_MOVE = YES;
				CLANG_WARN_UNGUARDED_AVAILABILITY = YES_AGGRESSIVE;
				CLANG_WARN_UNREACHABLE_CODE = YES;
				CLANG_WARN__DUPLICATE_METHOD_MATCH = YES;
				COPY_PHASE_STRIP = NO;
				DEBUG_INFORMATION_FORMAT = "dwarf-with-dsym";
				ENABLE_NS_ASSERTIONS = NO;
				ENABLE_STRICT_OBJC_MSGSEND = YES;
				GCC_C_LANGUAGE_STANDARD = gnu11;
				GCC_NO_COMMON_BLOCKS = YES;
				GCC_WARN_64_TO_32_BIT_CONVERSION = YES;
				GCC_WARN_ABOUT_RETURN_TYPE = YES_ERROR;
				GCC_WARN_UNDECLARED_SELECTOR = YES;
				GCC_WARN_UNINITIALIZED_AUTOS = YES_AGGRESSIVE;
				GCC_WARN_UNUSED_FUNCTION = YES;
				GCC_WARN_UNUSED_VARIABLE = YES;
				MTL_ENABLE_DEBUG_INFO = NO;
				MTL_FAST_MATH = YES;
				SWIFT_COMPILATION_MODE = wholemodule;
				SWIFT_OPTIMIZATION_LEVEL = "-O";
			};
			name = Release;
		};
		C9343B48282B0A36008B5DF4 /* Debug */ = {
			isa = XCBuildConfiguration;
			baseConfigurationReference = 9F5A23B325A2A5DA14F62323 /* Pods-GymNote WatchKit Extension.debug.xcconfig */;
			buildSettings = {
				ASSETCATALOG_COMPILER_COMPLICATION_NAME = Complication;
				CODE_SIGN_STYLE = Automatic;
				CURRENT_PROJECT_VERSION = 1;
				DEVELOPMENT_TEAM = ALTGSDSZNG;
				GENERATE_INFOPLIST_FILE = YES;
				INFOPLIST_FILE = "GymNote WatchKit Extension/Info.plist";
				INFOPLIST_KEY_CFBundleDisplayName = "GymNote WatchKit Extension";
				INFOPLIST_KEY_CLKComplicationPrincipalClass = "$(PRODUCT_MODULE_NAME).ComplicationController";
				INFOPLIST_KEY_NSHumanReadableCopyright = "";
				INFOPLIST_KEY_WKExtensionDelegateClassName = "$(PRODUCT_MODULE_NAME).ExtensionDelegate";
				INFOPLIST_KEY_WKRunsIndependentlyOfCompanionApp = YES;
				LD_RUNPATH_SEARCH_PATHS = (
					"$(inherited)",
					"@executable_path/Frameworks",
					"@executable_path/../../Frameworks",
				);
				MARKETING_VERSION = 1.0;
				PRODUCT_BUNDLE_IDENTIFIER = com.tasukuYamamoto.GymNote.watchkitapp.watchkitextension;
				PRODUCT_NAME = "${TARGET_NAME}";
				SDKROOT = watchos;
				SKIP_INSTALL = YES;
				SWIFT_EMIT_LOC_STRINGS = YES;
				SWIFT_VERSION = 5.0;
				TARGETED_DEVICE_FAMILY = 4;
				WATCHOS_DEPLOYMENT_TARGET = 8.5;
			};
			name = Debug;
		};
		C9343B49282B0A36008B5DF4 /* Release */ = {
			isa = XCBuildConfiguration;
			baseConfigurationReference = 7B405B382F3119E9F09FD249 /* Pods-GymNote WatchKit Extension.release.xcconfig */;
			buildSettings = {
				ASSETCATALOG_COMPILER_COMPLICATION_NAME = Complication;
				CODE_SIGN_STYLE = Automatic;
				CURRENT_PROJECT_VERSION = 1;
				DEVELOPMENT_TEAM = ALTGSDSZNG;
				GENERATE_INFOPLIST_FILE = YES;
				INFOPLIST_FILE = "GymNote WatchKit Extension/Info.plist";
				INFOPLIST_KEY_CFBundleDisplayName = "GymNote WatchKit Extension";
				INFOPLIST_KEY_CLKComplicationPrincipalClass = "$(PRODUCT_MODULE_NAME).ComplicationController";
				INFOPLIST_KEY_NSHumanReadableCopyright = "";
				INFOPLIST_KEY_WKExtensionDelegateClassName = "$(PRODUCT_MODULE_NAME).ExtensionDelegate";
				INFOPLIST_KEY_WKRunsIndependentlyOfCompanionApp = YES;
				LD_RUNPATH_SEARCH_PATHS = (
					"$(inherited)",
					"@executable_path/Frameworks",
					"@executable_path/../../Frameworks",
				);
				MARKETING_VERSION = 1.0;
				PRODUCT_BUNDLE_IDENTIFIER = com.tasukuYamamoto.GymNote.watchkitapp.watchkitextension;
				PRODUCT_NAME = "${TARGET_NAME}";
				SDKROOT = watchos;
				SKIP_INSTALL = YES;
				SWIFT_EMIT_LOC_STRINGS = YES;
				SWIFT_VERSION = 5.0;
				TARGETED_DEVICE_FAMILY = 4;
				VALIDATE_PRODUCT = YES;
				WATCHOS_DEPLOYMENT_TARGET = 8.5;
			};
			name = Release;
		};
		C9343B4C282B0A36008B5DF4 /* Debug */ = {
			isa = XCBuildConfiguration;
			baseConfigurationReference = 7A80471D44E44EFA7DA1C695 /* Pods-GymNote WatchKit App.debug.xcconfig */;
			buildSettings = {
				ALWAYS_EMBED_SWIFT_STANDARD_LIBRARIES = YES;
				ASSETCATALOG_COMPILER_APPICON_NAME = AppIcon;
				ASSETCATALOG_COMPILER_GLOBAL_ACCENT_COLOR_NAME = AccentColor;
				CODE_SIGN_STYLE = Automatic;
				CURRENT_PROJECT_VERSION = 1;
				DEVELOPMENT_TEAM = ALTGSDSZNG;
				GENERATE_INFOPLIST_FILE = YES;
				IBSC_MODULE = GymNote_WatchKit_Extension;
				INFOPLIST_KEY_CFBundleDisplayName = "GymNote WatchKit App";
				INFOPLIST_KEY_UISupportedInterfaceOrientations = "UIInterfaceOrientationPortrait UIInterfaceOrientationPortraitUpsideDown";
				INFOPLIST_KEY_WKCompanionAppBundleIdentifier = com.tasukuYamamoto.GymNote;
				MARKETING_VERSION = 1.0;
				PRODUCT_BUNDLE_IDENTIFIER = com.tasukuYamamoto.GymNote.watchkitapp;
				PRODUCT_NAME = "$(TARGET_NAME)";
				SDKROOT = watchos;
				SKIP_INSTALL = YES;
				SWIFT_EMIT_LOC_STRINGS = YES;
				SWIFT_VERSION = 5.0;
				TARGETED_DEVICE_FAMILY = 4;
				WATCHOS_DEPLOYMENT_TARGET = 8.5;
			};
			name = Debug;
		};
		C9343B4D282B0A36008B5DF4 /* Release */ = {
			isa = XCBuildConfiguration;
			baseConfigurationReference = 5DF9FD3F1102A4F3289F5039 /* Pods-GymNote WatchKit App.release.xcconfig */;
			buildSettings = {
				ALWAYS_EMBED_SWIFT_STANDARD_LIBRARIES = YES;
				ASSETCATALOG_COMPILER_APPICON_NAME = AppIcon;
				ASSETCATALOG_COMPILER_GLOBAL_ACCENT_COLOR_NAME = AccentColor;
				CODE_SIGN_STYLE = Automatic;
				CURRENT_PROJECT_VERSION = 1;
				DEVELOPMENT_TEAM = ALTGSDSZNG;
				GENERATE_INFOPLIST_FILE = YES;
				IBSC_MODULE = GymNote_WatchKit_Extension;
				INFOPLIST_KEY_CFBundleDisplayName = "GymNote WatchKit App";
				INFOPLIST_KEY_UISupportedInterfaceOrientations = "UIInterfaceOrientationPortrait UIInterfaceOrientationPortraitUpsideDown";
				INFOPLIST_KEY_WKCompanionAppBundleIdentifier = com.tasukuYamamoto.GymNote;
				MARKETING_VERSION = 1.0;
				PRODUCT_BUNDLE_IDENTIFIER = com.tasukuYamamoto.GymNote.watchkitapp;
				PRODUCT_NAME = "$(TARGET_NAME)";
				SDKROOT = watchos;
				SKIP_INSTALL = YES;
				SWIFT_EMIT_LOC_STRINGS = YES;
				SWIFT_VERSION = 5.0;
				TARGETED_DEVICE_FAMILY = 4;
				VALIDATE_PRODUCT = YES;
				WATCHOS_DEPLOYMENT_TARGET = 8.5;
			};
			name = Release;
		};
		C9343B50282B0A36008B5DF4 /* Debug */ = {
			isa = XCBuildConfiguration;
			baseConfigurationReference = 3FD4A07E566118A70EDB964A /* Pods-GymNote.debug.xcconfig */;
			buildSettings = {
				ASSETCATALOG_COMPILER_APPICON_NAME = AppIcon;
				ASSETCATALOG_COMPILER_GLOBAL_ACCENT_COLOR_NAME = AccentColor;
				CODE_SIGN_ENTITLEMENTS = GymNote/GymNote.entitlements;
				CODE_SIGN_STYLE = Automatic;
				CURRENT_PROJECT_VERSION = 1;
				DEVELOPMENT_TEAM = ALTGSDSZNG;
				GENERATE_INFOPLIST_FILE = YES;
				INFOPLIST_FILE = GymNote/Resources/Info.plist;
				INFOPLIST_KEY_UIApplicationSupportsIndirectInputEvents = YES;
				INFOPLIST_KEY_UILaunchStoryboardName = LaunchScreen;
				INFOPLIST_KEY_UIMainStoryboardFile = Main;
				INFOPLIST_KEY_UISupportedInterfaceOrientations_iPad = "UIInterfaceOrientationPortrait UIInterfaceOrientationPortraitUpsideDown UIInterfaceOrientationLandscapeLeft UIInterfaceOrientationLandscapeRight";
				INFOPLIST_KEY_UISupportedInterfaceOrientations_iPhone = "UIInterfaceOrientationPortrait UIInterfaceOrientationLandscapeLeft UIInterfaceOrientationLandscapeRight";
				IPHONEOS_DEPLOYMENT_TARGET = 15.4;
				LD_RUNPATH_SEARCH_PATHS = (
					"$(inherited)",
					"@executable_path/Frameworks",
				);
				MARKETING_VERSION = 1.0;
				PRODUCT_BUNDLE_IDENTIFIER = com.tasukuYamamoto.GymNote;
				PRODUCT_NAME = "$(TARGET_NAME)";
				SDKROOT = iphoneos;
				SWIFT_EMIT_LOC_STRINGS = YES;
				SWIFT_VERSION = 5.0;
				TARGETED_DEVICE_FAMILY = "1,2";
			};
			name = Debug;
		};
		C9343B51282B0A36008B5DF4 /* Release */ = {
			isa = XCBuildConfiguration;
			baseConfigurationReference = CE9DBDF00B0AC975B1386178 /* Pods-GymNote.release.xcconfig */;
			buildSettings = {
				ASSETCATALOG_COMPILER_APPICON_NAME = AppIcon;
				ASSETCATALOG_COMPILER_GLOBAL_ACCENT_COLOR_NAME = AccentColor;
				CODE_SIGN_ENTITLEMENTS = GymNote/GymNote.entitlements;
				CODE_SIGN_STYLE = Automatic;
				CURRENT_PROJECT_VERSION = 1;
				DEVELOPMENT_TEAM = ALTGSDSZNG;
				GENERATE_INFOPLIST_FILE = YES;
				INFOPLIST_FILE = GymNote/Resources/Info.plist;
				INFOPLIST_KEY_UIApplicationSupportsIndirectInputEvents = YES;
				INFOPLIST_KEY_UILaunchStoryboardName = LaunchScreen;
				INFOPLIST_KEY_UIMainStoryboardFile = Main;
				INFOPLIST_KEY_UISupportedInterfaceOrientations_iPad = "UIInterfaceOrientationPortrait UIInterfaceOrientationPortraitUpsideDown UIInterfaceOrientationLandscapeLeft UIInterfaceOrientationLandscapeRight";
				INFOPLIST_KEY_UISupportedInterfaceOrientations_iPhone = "UIInterfaceOrientationPortrait UIInterfaceOrientationLandscapeLeft UIInterfaceOrientationLandscapeRight";
				IPHONEOS_DEPLOYMENT_TARGET = 15.4;
				LD_RUNPATH_SEARCH_PATHS = (
					"$(inherited)",
					"@executable_path/Frameworks",
				);
				MARKETING_VERSION = 1.0;
				PRODUCT_BUNDLE_IDENTIFIER = com.tasukuYamamoto.GymNote;
				PRODUCT_NAME = "$(TARGET_NAME)";
				SDKROOT = iphoneos;
				SWIFT_EMIT_LOC_STRINGS = YES;
				SWIFT_VERSION = 5.0;
				TARGETED_DEVICE_FAMILY = "1,2";
				VALIDATE_PRODUCT = YES;
			};
			name = Release;
		};
/* End XCBuildConfiguration section */

/* Begin XCConfigurationList section */
		C9343B0D282B0A33008B5DF4 /* Build configuration list for PBXProject "GymNote" */ = {
			isa = XCConfigurationList;
			buildConfigurations = (
				C9343B45282B0A36008B5DF4 /* Debug */,
				C9343B46282B0A36008B5DF4 /* Release */,
			);
			defaultConfigurationIsVisible = 0;
			defaultConfigurationName = Release;
		};
		C9343B47282B0A36008B5DF4 /* Build configuration list for PBXNativeTarget "GymNote WatchKit Extension" */ = {
			isa = XCConfigurationList;
			buildConfigurations = (
				C9343B48282B0A36008B5DF4 /* Debug */,
				C9343B49282B0A36008B5DF4 /* Release */,
			);
			defaultConfigurationIsVisible = 0;
			defaultConfigurationName = Release;
		};
		C9343B4B282B0A36008B5DF4 /* Build configuration list for PBXNativeTarget "GymNote WatchKit App" */ = {
			isa = XCConfigurationList;
			buildConfigurations = (
				C9343B4C282B0A36008B5DF4 /* Debug */,
				C9343B4D282B0A36008B5DF4 /* Release */,
			);
			defaultConfigurationIsVisible = 0;
			defaultConfigurationName = Release;
		};
		C9343B4F282B0A36008B5DF4 /* Build configuration list for PBXNativeTarget "GymNote" */ = {
			isa = XCConfigurationList;
			buildConfigurations = (
				C9343B50282B0A36008B5DF4 /* Debug */,
				C9343B51282B0A36008B5DF4 /* Release */,
			);
			defaultConfigurationIsVisible = 0;
			defaultConfigurationName = Release;
		};
/* End XCConfigurationList section */

/* Begin XCRemoteSwiftPackageReference section */
		C91740C8283824E2004E6EC2 /* XCRemoteSwiftPackageReference "RSKImageCropper" */ = {
			isa = XCRemoteSwiftPackageReference;
			repositoryURL = "https://github.com/ruslanskorb/RSKImageCropper.git";
			requirement = {
				kind = upToNextMajorVersion;
				minimumVersion = 3.0.0;
			};
		};
/* End XCRemoteSwiftPackageReference section */

/* Begin XCSwiftPackageProductDependency section */
		C91740C9283824E2004E6EC2 /* RSKImageCropper */ = {
			isa = XCSwiftPackageProductDependency;
			package = C91740C8283824E2004E6EC2 /* XCRemoteSwiftPackageReference "RSKImageCropper" */;
			productName = RSKImageCropper;
		};
/* End XCSwiftPackageProductDependency section */

/* Begin XCVersionGroup section */
		C9343B59282B6A72008B5DF4 /* GymNote.xcdatamodeld */ = {
			isa = XCVersionGroup;
			children = (
				C9343B5A282B6A72008B5DF4 /* GymNote.xcdatamodel */,
			);
			currentVersion = C9343B5A282B6A72008B5DF4 /* GymNote.xcdatamodel */;
			path = GymNote.xcdatamodeld;
			sourceTree = "<group>";
			versionGroupType = wrapper.xcdatamodel;
		};
/* End XCVersionGroup section */
	};
	rootObject = C9343B0A282B0A33008B5DF4 /* Project object */;
}
